Microsoft Visual Studio Solution File, Format Version 12.00
# Visual Studio Version 17
VisualStudioVersion = 17.8.0.0
MinimumVisualStudioVersion = 17.8.0.0
Project("{9A19103F-16F7-4668-BE54-9A1E7A4F7556}") = "Hodler.AppHost", "Hodler.AppHost\Hodler.AppHost.csproj", "{FED6C18E-5463-465F-AE8C-874E37388D1C}"
EndProject
Project("{9A19103F-16F7-4668-BE54-9A1E7A4F7556}") = "Hodler.ServiceDefaults", "Hodler.ServiceDefaults\Hodler.ServiceDefaults.csproj", "{2DAE13BE-3B65-4416-9604-4F278E8DA70D}"
EndProject
Project("{9A19103F-16F7-4668-BE54-9A1E7A4F7556}") = "Hodler.ApiService", "Hodler.ApiService\Hodler.ApiService.csproj", "{7FFB12D1-A8E2-49C4-BE75-5DF7967E6567}"
EndProject
Project("{9A19103F-16F7-4668-BE54-9A1E7A4F7556}") = "Hodler.Web", "Hodler.Web\Hodler.Web.csproj", "{6663EC55-F879-4445-A419-94D6B2B2F984}"
EndProject
Project("{FAE04EC0-301F-11D3-BF4B-00C04F79EFBC}") = "Hodler.Domain", "Hodler.Domain\Hodler.Domain.csproj", "{EBF38E04-777A-4E21-985B-F3CD1C049D2E}"
EndProject
Project("{FAE04EC0-301F-11D3-BF4B-00C04F79EFBC}") = "Hodler.Integration.ExternalApis", "Hodler.Integration.ExternalApis\Hodler.Integration.ExternalApis.csproj", "{149E22E2-6B51-4B0A-992F-F0F2524ACF12}"
EndProject
Project("{FAE04EC0-301F-11D3-BF4B-00C04F79EFBC}") = "Hodler.Application", "Hodler.Application\Hodler.Application.csproj", "{409210EB-99C5-4192-B0D6-EF7DE65B4E95}"
EndProject
Project("{2150E333-8FDC-42A3-9474-1A3956D46DE8}") = "04_Domain", "04_Domain", "{294DC339-0A42-473C-8DCF-787B342106FD}"
EndProject
Project("{2150E333-8FDC-42A3-9474-1A3956D46DE8}") = "02_Presentation", "02_Presentation", "{F0F764F4-6467-4B11-8A28-88BAA2BB9654}"
EndProject
Project("{2150E333-8FDC-42A3-9474-1A3956D46DE8}") = "01_Execution", "01_Execution", "{2ECCA4B9-D014-428B-A81C-A5B6AA91829B}"
EndProject
Project("{2150E333-8FDC-42A3-9474-1A3956D46DE8}") = "05_Integration", "05_Integration", "{0FA427D1-98C2-492D-8191-73857A029AAA}"
EndProject
Project("{2150E333-8FDC-42A3-9474-1A3956D46DE8}") = "03_Application", "03_Application", "{776801DB-1239-4E14-99DD-C84A1A3B3498}"
EndProject
Project("{FAE04EC0-301F-11D3-BF4B-00C04F79EFBC}") = "Hodler.Integration.Repositories", "Hodler.Integration.Repositories\Hodler.Integration.Repositories.csproj", "{ADC80F45-9F76-418C-8915-ADBEE9749165}"
EndProject
Project("{FAE04EC0-301F-11D3-BF4B-00C04F79EFBC}") = "Hodler.Integration.DbMigration", "Hodler.Integration.DbMigration\Hodler.Integration.DbMigration.csproj", "{43441AD3-4035-4122-91BD-5B44299B6C26}"
EndProject
Project("{FAE04EC0-301F-11D3-BF4B-00C04F79EFBC}") = "Hodler.Contracts", "Hodler.Contracts\Hodler.Contracts.csproj", "{FE7695E0-FBF9-4957-8975-5B5CE30985B8}"
EndProject
Global
	GlobalSection(SolutionConfigurationPlatforms) = preSolution
		Debug|Any CPU = Debug|Any CPU
		Release|Any CPU = Release|Any CPU
	EndGlobalSection
	GlobalSection(ProjectConfigurationPlatforms) = postSolution
		{FED6C18E-5463-465F-AE8C-874E37388D1C}.Debug|Any CPU.ActiveCfg = Debug|Any CPU
		{FED6C18E-5463-465F-AE8C-874E37388D1C}.Debug|Any CPU.Build.0 = Debug|Any CPU
		{FED6C18E-5463-465F-AE8C-874E37388D1C}.Release|Any CPU.ActiveCfg = Release|Any CPU
		{FED6C18E-5463-465F-AE8C-874E37388D1C}.Release|Any CPU.Build.0 = Release|Any CPU
		{2DAE13BE-3B65-4416-9604-4F278E8DA70D}.Debug|Any CPU.ActiveCfg = Debug|Any CPU
		{2DAE13BE-3B65-4416-9604-4F278E8DA70D}.Debug|Any CPU.Build.0 = Debug|Any CPU
		{2DAE13BE-3B65-4416-9604-4F278E8DA70D}.Release|Any CPU.ActiveCfg = Release|Any CPU
		{2DAE13BE-3B65-4416-9604-4F278E8DA70D}.Release|Any CPU.Build.0 = Release|Any CPU
		{7FFB12D1-A8E2-49C4-BE75-5DF7967E6567}.Debug|Any CPU.ActiveCfg = Debug|Any CPU
		{7FFB12D1-A8E2-49C4-BE75-5DF7967E6567}.Debug|Any CPU.Build.0 = Debug|Any CPU
		{7FFB12D1-A8E2-49C4-BE75-5DF7967E6567}.Release|Any CPU.ActiveCfg = Release|Any CPU
		{7FFB12D1-A8E2-49C4-BE75-5DF7967E6567}.Release|Any CPU.Build.0 = Release|Any CPU
		{6663EC55-F879-4445-A419-94D6B2B2F984}.Debug|Any CPU.ActiveCfg = Debug|Any CPU
		{6663EC55-F879-4445-A419-94D6B2B2F984}.Debug|Any CPU.Build.0 = Debug|Any CPU
		{6663EC55-F879-4445-A419-94D6B2B2F984}.Release|Any CPU.ActiveCfg = Release|Any CPU
		{6663EC55-F879-4445-A419-94D6B2B2F984}.Release|Any CPU.Build.0 = Release|Any CPU
		{EBF38E04-777A-4E21-985B-F3CD1C049D2E}.Debug|Any CPU.ActiveCfg = Debug|Any CPU
		{EBF38E04-777A-4E21-985B-F3CD1C049D2E}.Debug|Any CPU.Build.0 = Debug|Any CPU
		{EBF38E04-777A-4E21-985B-F3CD1C049D2E}.Release|Any CPU.ActiveCfg = Release|Any CPU
		{EBF38E04-777A-4E21-985B-F3CD1C049D2E}.Release|Any CPU.Build.0 = Release|Any CPU
		{149E22E2-6B51-4B0A-992F-F0F2524ACF12}.Debug|Any CPU.ActiveCfg = Debug|Any CPU
		{149E22E2-6B51-4B0A-992F-F0F2524ACF12}.Debug|Any CPU.Build.0 = Debug|Any CPU
		{149E22E2-6B51-4B0A-992F-F0F2524ACF12}.Release|Any CPU.ActiveCfg = Release|Any CPU
		{149E22E2-6B51-4B0A-992F-F0F2524ACF12}.Release|Any CPU.Build.0 = Release|Any CPU
		{409210EB-99C5-4192-B0D6-EF7DE65B4E95}.Debug|Any CPU.ActiveCfg = Debug|Any CPU
		{409210EB-99C5-4192-B0D6-EF7DE65B4E95}.Debug|Any CPU.Build.0 = Debug|Any CPU
		{409210EB-99C5-4192-B0D6-EF7DE65B4E95}.Release|Any CPU.ActiveCfg = Release|Any CPU
		{409210EB-99C5-4192-B0D6-EF7DE65B4E95}.Release|Any CPU.Build.0 = Release|Any CPU
		{ADC80F45-9F76-418C-8915-ADBEE9749165}.Debug|Any CPU.ActiveCfg = Debug|Any CPU
		{ADC80F45-9F76-418C-8915-ADBEE9749165}.Debug|Any CPU.Build.0 = Debug|Any CPU
		{ADC80F45-9F76-418C-8915-ADBEE9749165}.Release|Any CPU.ActiveCfg = Release|Any CPU
		{ADC80F45-9F76-418C-8915-ADBEE9749165}.Release|Any CPU.Build.0 = Release|Any CPU
		{43441AD3-4035-4122-91BD-5B44299B6C26}.Debug|Any CPU.ActiveCfg = Debug|Any CPU
		{43441AD3-4035-4122-91BD-5B44299B6C26}.Debug|Any CPU.Build.0 = Debug|Any CPU
		{43441AD3-4035-4122-91BD-5B44299B6C26}.Release|Any CPU.ActiveCfg = Release|Any CPU
		{43441AD3-4035-4122-91BD-5B44299B6C26}.Release|Any CPU.Build.0 = Release|Any CPU
		{FE7695E0-FBF9-4957-8975-5B5CE30985B8}.Debug|Any CPU.ActiveCfg = Debug|Any CPU
		{FE7695E0-FBF9-4957-8975-5B5CE30985B8}.Debug|Any CPU.Build.0 = Debug|Any CPU
		{FE7695E0-FBF9-4957-8975-5B5CE30985B8}.Release|Any CPU.ActiveCfg = Release|Any CPU
		{FE7695E0-FBF9-4957-8975-5B5CE30985B8}.Release|Any CPU.Build.0 = Release|Any CPU
	EndGlobalSection
	GlobalSection(SolutionProperties) = preSolution
		HideSolutionNode = FALSE
	EndGlobalSection
	GlobalSection(ExtensibilityGlobals) = postSolution
		SolutionGuid = {9DCE1C0A-B281-4259-BCF1-DA5A29FF7B2D}
	EndGlobalSection
	GlobalSection(NestedProjects) = preSolution
		{EBF38E04-777A-4E21-985B-F3CD1C049D2E} = {294DC339-0A42-473C-8DCF-787B342106FD}
		{7FFB12D1-A8E2-49C4-BE75-5DF7967E6567} = {F0F764F4-6467-4B11-8A28-88BAA2BB9654}
		{FED6C18E-5463-465F-AE8C-874E37388D1C} = {2ECCA4B9-D014-428B-A81C-A5B6AA91829B}
		{2DAE13BE-3B65-4416-9604-4F278E8DA70D} = {2ECCA4B9-D014-428B-A81C-A5B6AA91829B}
		{6663EC55-F879-4445-A419-94D6B2B2F984} = {F0F764F4-6467-4B11-8A28-88BAA2BB9654}
		{149E22E2-6B51-4B0A-992F-F0F2524ACF12} = {0FA427D1-98C2-492D-8191-73857A029AAA}
		{409210EB-99C5-4192-B0D6-EF7DE65B4E95} = {776801DB-1239-4E14-99DD-C84A1A3B3498}
		{ADC80F45-9F76-418C-8915-ADBEE9749165} = {0FA427D1-98C2-492D-8191-73857A029AAA}
		{43441AD3-4035-4122-91BD-5B44299B6C26} = {0FA427D1-98C2-492D-8191-73857A029AAA}
		{FE7695E0-FBF9-4957-8975-5B5CE30985B8} = {F0F764F4-6467-4B11-8A28-88BAA2BB9654}
	EndGlobalSection
EndGlobal
